
Microsoft Visual Studio Solution File, Format Version 12.00
# Visual Studio Version 16
VisualStudioVersion = 16.0.31515.178
MinimumVisualStudioVersion = 10.0.40219.1
Project("{9A19103F-16F7-4668-BE54-9A1E7A4F7556}") = "Microsoft.VisualStudio.Composition", "src\Microsoft.VisualStudio.Composition\Microsoft.VisualStudio.Composition.csproj", "{1CA6A92C-5DD9-4BE5-B5B7-EE4A1318B4C2}"
EndProject
Project("{9A19103F-16F7-4668-BE54-9A1E7A4F7556}") = "Microsoft.VisualStudio.Composition.Tests", "test\Microsoft.VisualStudio.Composition.Tests\Microsoft.VisualStudio.Composition.Tests.csproj", "{C92F90BA-CD5B-4847-832A-EE738F0FDB13}"
EndProject
Project("{9A19103F-16F7-4668-BE54-9A1E7A4F7556}") = "Microsoft.VisualStudio.Composition.AppDomainTests", "test\Microsoft.VisualStudio.Composition.AppDomainTests\Microsoft.VisualStudio.Composition.AppDomainTests.csproj", "{15FC5B0E-AE82-4437-8916-B59E646C41E7}"
EndProject
Project("{9A19103F-16F7-4668-BE54-9A1E7A4F7556}") = "Microsoft.VisualStudio.Composition.AppDomainTests2", "test\Microsoft.VisualStudio.Composition.AppDomainTests2\Microsoft.VisualStudio.Composition.AppDomainTests2.csproj", "{8FEA4ED5-0504-43A6-92C0-E9DACB20F1C8}"
EndProject
Project("{9A19103F-16F7-4668-BE54-9A1E7A4F7556}") = "Microsoft.VisualStudio.Composition.AssemblyDiscoveryTests", "test\Microsoft.VisualStudio.Composition.AssemblyDiscoveryTests\Microsoft.VisualStudio.Composition.AssemblyDiscoveryTests.csproj", "{37E36AEC-3319-4219-974F-D258FBE8D143}"
EndProject
Project("{9A19103F-16F7-4668-BE54-9A1E7A4F7556}") = "Microsoft.VisualStudio.Composition.EmbeddedTypeReceiver", "test\Microsoft.VisualStudio.Composition.EmbeddedTypeReceiver\Microsoft.VisualStudio.Composition.EmbeddedTypeReceiver.csproj", "{843DB118-C15B-48B5-A9DC-B815CC788CEF}"
EndProject
Project("{9A19103F-16F7-4668-BE54-9A1E7A4F7556}") = "Microsoft.VisualStudio.Composition.NonEmbeddingTypeReceiver", "test\Microsoft.VisualStudio.Composition.NonEmbeddingTypeReceiver\Microsoft.VisualStudio.Composition.NonEmbeddingTypeReceiver.csproj", "{3E996534-55E8-428D-8668-2C49E8770F32}"
EndProject
Project("{9A19103F-16F7-4668-BE54-9A1E7A4F7556}") = "Microsoft.VisualStudio.Composition.MissingAssemblyTests", "test\Microsoft.VisualStudio.Composition.MissingAssemblyTests\Microsoft.VisualStudio.Composition.MissingAssemblyTests.csproj", "{635A4876-52BA-47C7-874C-8DFB125C020A}"
EndProject
Project("{9A19103F-16F7-4668-BE54-9A1E7A4F7556}") = "Microsoft.VisualStudio.Composition.BrokenAssemblyTests", "test\Microsoft.VisualStudio.Composition.BrokenAssemblyTests\Microsoft.VisualStudio.Composition.BrokenAssemblyTests.csproj", "{0FD27327-EBFD-459A-887D-349BC3835C20}"
EndProject
Project("{2150E333-8FDC-42A3-9474-1A3956D46DE8}") = "Solution Items", "Solution Items", "{28B65BDB-4470-4946-BAC3-4EE840F40B37}"
	ProjectSection(SolutionItems) = preProject
		.editorconfig = .editorconfig
		Directory.Build.props = Directory.Build.props
		Directory.Build.targets = Directory.Build.targets
		global.json = global.json
		nuget.config = nuget.config
		README.md = README.md
		stylecop.json = stylecop.json
		version.json = version.json
	EndProjectSection
EndProject
Project("{9A19103F-16F7-4668-BE54-9A1E7A4F7556}") = "Microsoft.VisualStudio.Composition.AssemblyDiscoveryTests2", "test\Microsoft.VisualStudio.Composition.AssemblyDiscoveryTests2\Microsoft.VisualStudio.Composition.AssemblyDiscoveryTests2.csproj", "{A424CBE4-248E-477C-88BD-575FA240EACB}"
EndProject
Project("{9A19103F-16F7-4668-BE54-9A1E7A4F7556}") = "Microsoft.VisualStudio.Composition.AppHost", "src\Microsoft.VisualStudio.Composition.AppHost\Microsoft.VisualStudio.Composition.AppHost.csproj", "{93C14982-BB95-4554-BE09-2D0A4C9ADA09}"
EndProject
Project("{9A19103F-16F7-4668-BE54-9A1E7A4F7556}") = "Microsoft.VisualStudio.Composition.TestEmbeddableTypes", "test\Microsoft.VisualStudio.Composition.TestEmbeddableTypes\Microsoft.VisualStudio.Composition.TestEmbeddableTypes.csproj", "{E4BB6F4B-EAB5-4DF2-9FFA-08981105DF90}"
EndProject
Project("{9A19103F-16F7-4668-BE54-9A1E7A4F7556}") = "Microsoft.VisualStudio.Composition.Analyzers", "src\Microsoft.VisualStudio.Composition.Analyzers\Microsoft.VisualStudio.Composition.Analyzers.csproj", "{E05AF240-2D20-4037-97DD-7163B3BAA7F4}"
EndProject
Project("{9A19103F-16F7-4668-BE54-9A1E7A4F7556}") = "Microsoft.VisualStudio.Composition.Analyzers.Tests", "test\Microsoft.VisualStudio.Composition.Analyzers.Tests\Microsoft.VisualStudio.Composition.Analyzers.Tests.csproj", "{A469088A-DCA0-4968-B472-F9D6C7D6DF38}"
EndProject
Project("{2150E333-8FDC-42A3-9474-1A3956D46DE8}") = "src", "src", "{C1E69228-5ECA-4B33-A08C-F60908B1A31A}"
	ProjectSection(SolutionItems) = preProject
		src\.editorconfig = src\.editorconfig
		src\Directory.Build.props = src\Directory.Build.props
		src\Directory.Build.targets = src\Directory.Build.targets
	EndProjectSection
EndProject
Project("{2150E333-8FDC-42A3-9474-1A3956D46DE8}") = "test", "test", "{34FA3DAA-1CE6-4D26-9802-681043203006}"
	ProjectSection(SolutionItems) = preProject
		test\.editorconfig = test\.editorconfig
		test\Directory.Build.props = test\Directory.Build.props
		test\Directory.Build.targets = test\Directory.Build.targets
	EndProjectSection
EndProject
Project("{9A19103F-16F7-4668-BE54-9A1E7A4F7556}") = "VS.Mefx", "src\VS.Mefx\VS.Mefx.csproj", "{6C73C7D0-819F-4194-AE36-FF86F248EC9E}"
EndProject
Project("{FAE04EC0-301F-11D3-BF4B-00C04F79EFBC}") = "VS.Mefx.Tests", "test\VS.Mefx.Tests\VS.Mefx.Tests.csproj", "{E4487CD4-05EA-4FFA-A527-86BDEF0BDBF7}"
EndProject
Global
	GlobalSection(SolutionConfigurationPlatforms) = preSolution
		Debug|Any CPU = Debug|Any CPU
		Release|Any CPU = Release|Any CPU
	EndGlobalSection
	GlobalSection(ProjectConfigurationPlatforms) = postSolution
		{1CA6A92C-5DD9-4BE5-B5B7-EE4A1318B4C2}.Debug|Any CPU.ActiveCfg = Debug|Any CPU
		{1CA6A92C-5DD9-4BE5-B5B7-EE4A1318B4C2}.Debug|Any CPU.Build.0 = Debug|Any CPU
		{1CA6A92C-5DD9-4BE5-B5B7-EE4A1318B4C2}.Release|Any CPU.ActiveCfg = Release|Any CPU
		{1CA6A92C-5DD9-4BE5-B5B7-EE4A1318B4C2}.Release|Any CPU.Build.0 = Release|Any CPU
		{C92F90BA-CD5B-4847-832A-EE738F0FDB13}.Debug|Any CPU.ActiveCfg = Debug|Any CPU
		{C92F90BA-CD5B-4847-832A-EE738F0FDB13}.Debug|Any CPU.Build.0 = Debug|Any CPU
		{C92F90BA-CD5B-4847-832A-EE738F0FDB13}.Release|Any CPU.ActiveCfg = Release|Any CPU
		{C92F90BA-CD5B-4847-832A-EE738F0FDB13}.Release|Any CPU.Build.0 = Release|Any CPU
		{15FC5B0E-AE82-4437-8916-B59E646C41E7}.Debug|Any CPU.ActiveCfg = Debug|Any CPU
		{15FC5B0E-AE82-4437-8916-B59E646C41E7}.Debug|Any CPU.Build.0 = Debug|Any CPU
		{15FC5B0E-AE82-4437-8916-B59E646C41E7}.Release|Any CPU.ActiveCfg = Release|Any CPU
		{15FC5B0E-AE82-4437-8916-B59E646C41E7}.Release|Any CPU.Build.0 = Release|Any CPU
		{8FEA4ED5-0504-43A6-92C0-E9DACB20F1C8}.Debug|Any CPU.ActiveCfg = Debug|Any CPU
		{8FEA4ED5-0504-43A6-92C0-E9DACB20F1C8}.Debug|Any CPU.Build.0 = Debug|Any CPU
		{8FEA4ED5-0504-43A6-92C0-E9DACB20F1C8}.Release|Any CPU.ActiveCfg = Release|Any CPU
		{8FEA4ED5-0504-43A6-92C0-E9DACB20F1C8}.Release|Any CPU.Build.0 = Release|Any CPU
		{37E36AEC-3319-4219-974F-D258FBE8D143}.Debug|Any CPU.ActiveCfg = Debug|Any CPU
		{37E36AEC-3319-4219-974F-D258FBE8D143}.Debug|Any CPU.Build.0 = Debug|Any CPU
		{37E36AEC-3319-4219-974F-D258FBE8D143}.Release|Any CPU.ActiveCfg = Release|Any CPU
		{37E36AEC-3319-4219-974F-D258FBE8D143}.Release|Any CPU.Build.0 = Release|Any CPU
		{843DB118-C15B-48B5-A9DC-B815CC788CEF}.Debug|Any CPU.ActiveCfg = Debug|Any CPU
		{843DB118-C15B-48B5-A9DC-B815CC788CEF}.Debug|Any CPU.Build.0 = Debug|Any CPU
		{843DB118-C15B-48B5-A9DC-B815CC788CEF}.Release|Any CPU.ActiveCfg = Release|Any CPU
		{843DB118-C15B-48B5-A9DC-B815CC788CEF}.Release|Any CPU.Build.0 = Release|Any CPU
		{3E996534-55E8-428D-8668-2C49E8770F32}.Debug|Any CPU.ActiveCfg = Debug|Any CPU
		{3E996534-55E8-428D-8668-2C49E8770F32}.Debug|Any CPU.Build.0 = Debug|Any CPU
		{3E996534-55E8-428D-8668-2C49E8770F32}.Release|Any CPU.ActiveCfg = Release|Any CPU
		{3E996534-55E8-428D-8668-2C49E8770F32}.Release|Any CPU.Build.0 = Release|Any CPU
		{635A4876-52BA-47C7-874C-8DFB125C020A}.Debug|Any CPU.ActiveCfg = Debug|Any CPU
		{635A4876-52BA-47C7-874C-8DFB125C020A}.Debug|Any CPU.Build.0 = Debug|Any CPU
		{635A4876-52BA-47C7-874C-8DFB125C020A}.Release|Any CPU.ActiveCfg = Release|Any CPU
		{635A4876-52BA-47C7-874C-8DFB125C020A}.Release|Any CPU.Build.0 = Release|Any CPU
		{0FD27327-EBFD-459A-887D-349BC3835C20}.Debug|Any CPU.ActiveCfg = Debug|Any CPU
		{0FD27327-EBFD-459A-887D-349BC3835C20}.Debug|Any CPU.Build.0 = Debug|Any CPU
		{0FD27327-EBFD-459A-887D-349BC3835C20}.Release|Any CPU.ActiveCfg = Release|Any CPU
		{0FD27327-EBFD-459A-887D-349BC3835C20}.Release|Any CPU.Build.0 = Release|Any CPU
		{A424CBE4-248E-477C-88BD-575FA240EACB}.Debug|Any CPU.ActiveCfg = Debug|Any CPU
		{A424CBE4-248E-477C-88BD-575FA240EACB}.Debug|Any CPU.Build.0 = Debug|Any CPU
		{A424CBE4-248E-477C-88BD-575FA240EACB}.Release|Any CPU.ActiveCfg = Release|Any CPU
		{A424CBE4-248E-477C-88BD-575FA240EACB}.Release|Any CPU.Build.0 = Release|Any CPU
		{93C14982-BB95-4554-BE09-2D0A4C9ADA09}.Debug|Any CPU.ActiveCfg = Debug|Any CPU
		{93C14982-BB95-4554-BE09-2D0A4C9ADA09}.Debug|Any CPU.Build.0 = Debug|Any CPU
		{93C14982-BB95-4554-BE09-2D0A4C9ADA09}.Release|Any CPU.ActiveCfg = Release|Any CPU
		{93C14982-BB95-4554-BE09-2D0A4C9ADA09}.Release|Any CPU.Build.0 = Release|Any CPU
		{E4BB6F4B-EAB5-4DF2-9FFA-08981105DF90}.Debug|Any CPU.ActiveCfg = Debug|Any CPU
		{E4BB6F4B-EAB5-4DF2-9FFA-08981105DF90}.Debug|Any CPU.Build.0 = Debug|Any CPU
		{E4BB6F4B-EAB5-4DF2-9FFA-08981105DF90}.Release|Any CPU.ActiveCfg = Release|Any CPU
		{E4BB6F4B-EAB5-4DF2-9FFA-08981105DF90}.Release|Any CPU.Build.0 = Release|Any CPU
		{E05AF240-2D20-4037-97DD-7163B3BAA7F4}.Debug|Any CPU.ActiveCfg = Debug|Any CPU
		{E05AF240-2D20-4037-97DD-7163B3BAA7F4}.Debug|Any CPU.Build.0 = Debug|Any CPU
		{E05AF240-2D20-4037-97DD-7163B3BAA7F4}.Release|Any CPU.ActiveCfg = Release|Any CPU
		{E05AF240-2D20-4037-97DD-7163B3BAA7F4}.Release|Any CPU.Build.0 = Release|Any CPU
		{A469088A-DCA0-4968-B472-F9D6C7D6DF38}.Debug|Any CPU.ActiveCfg = Debug|Any CPU
		{A469088A-DCA0-4968-B472-F9D6C7D6DF38}.Debug|Any CPU.Build.0 = Debug|Any CPU
		{A469088A-DCA0-4968-B472-F9D6C7D6DF38}.Release|Any CPU.ActiveCfg = Release|Any CPU
		{A469088A-DCA0-4968-B472-F9D6C7D6DF38}.Release|Any CPU.Build.0 = Release|Any CPU
		{6C73C7D0-819F-4194-AE36-FF86F248EC9E}.Debug|Any CPU.ActiveCfg = Debug|Any CPU
		{6C73C7D0-819F-4194-AE36-FF86F248EC9E}.Debug|Any CPU.Build.0 = Debug|Any CPU
		{6C73C7D0-819F-4194-AE36-FF86F248EC9E}.Release|Any CPU.ActiveCfg = Release|Any CPU
		{6C73C7D0-819F-4194-AE36-FF86F248EC9E}.Release|Any CPU.Build.0 = Release|Any CPU
		{E4487CD4-05EA-4FFA-A527-86BDEF0BDBF7}.Debug|Any CPU.ActiveCfg = Debug|Any CPU
		{E4487CD4-05EA-4FFA-A527-86BDEF0BDBF7}.Debug|Any CPU.Build.0 = Debug|Any CPU
		{E4487CD4-05EA-4FFA-A527-86BDEF0BDBF7}.Release|Any CPU.ActiveCfg = Release|Any CPU
		{E4487CD4-05EA-4FFA-A527-86BDEF0BDBF7}.Release|Any CPU.Build.0 = Release|Any CPU
	EndGlobalSection
	GlobalSection(SolutionProperties) = preSolution
		HideSolutionNode = FALSE
	EndGlobalSection
	GlobalSection(NestedProjects) = preSolution
		{1CA6A92C-5DD9-4BE5-B5B7-EE4A1318B4C2} = {C1E69228-5ECA-4B33-A08C-F60908B1A31A}
		{C92F90BA-CD5B-4847-832A-EE738F0FDB13} = {34FA3DAA-1CE6-4D26-9802-681043203006}
		{15FC5B0E-AE82-4437-8916-B59E646C41E7} = {34FA3DAA-1CE6-4D26-9802-681043203006}
		{8FEA4ED5-0504-43A6-92C0-E9DACB20F1C8} = {34FA3DAA-1CE6-4D26-9802-681043203006}
		{37E36AEC-3319-4219-974F-D258FBE8D143} = {34FA3DAA-1CE6-4D26-9802-681043203006}
		{843DB118-C15B-48B5-A9DC-B815CC788CEF} = {34FA3DAA-1CE6-4D26-9802-681043203006}
		{3E996534-55E8-428D-8668-2C49E8770F32} = {34FA3DAA-1CE6-4D26-9802-681043203006}
		{635A4876-52BA-47C7-874C-8DFB125C020A} = {34FA3DAA-1CE6-4D26-9802-681043203006}
		{0FD27327-EBFD-459A-887D-349BC3835C20} = {34FA3DAA-1CE6-4D26-9802-681043203006}
		{A424CBE4-248E-477C-88BD-575FA240EACB} = {34FA3DAA-1CE6-4D26-9802-681043203006}
		{93C14982-BB95-4554-BE09-2D0A4C9ADA09} = {C1E69228-5ECA-4B33-A08C-F60908B1A31A}
		{E4BB6F4B-EAB5-4DF2-9FFA-08981105DF90} = {34FA3DAA-1CE6-4D26-9802-681043203006}
		{E05AF240-2D20-4037-97DD-7163B3BAA7F4} = {C1E69228-5ECA-4B33-A08C-F60908B1A31A}
		{A469088A-DCA0-4968-B472-F9D6C7D6DF38} = {34FA3DAA-1CE6-4D26-9802-681043203006}
		{6C73C7D0-819F-4194-AE36-FF86F248EC9E} = {C1E69228-5ECA-4B33-A08C-F60908B1A31A}
		{E4487CD4-05EA-4FFA-A527-86BDEF0BDBF7} = {34FA3DAA-1CE6-4D26-9802-681043203006}
	EndGlobalSection
	GlobalSection(ExtensibilityGlobals) = postSolution
		SolutionGuid = {595F7089-18B6-4D24-8F38-7FFCCE2F5F0E}
	EndGlobalSection
EndGlobal
