
Microsoft Visual Studio Solution File, Format Version 12.00
# Visual Studio 2013
VisualStudioVersion = 12.0.30501.0
MinimumVisualStudioVersion = 10.0.40219.1
Project("{FAE04EC0-301F-11D3-BF4B-00C04F79EFBC}") = "Microsoft.VisualStudio.Composition", "Microsoft.VisualStudio.Composition\Microsoft.VisualStudio.Composition.csproj", "{1CA6A92C-5DD9-4BE5-B5B7-EE4A1318B4C2}"
EndProject
Project("{FAE04EC0-301F-11D3-BF4B-00C04F79EFBC}") = "Microsoft.VisualStudio.Composition.Tests", "Microsoft.VisualStudio.Composition.Tests\Microsoft.VisualStudio.Composition.Tests.csproj", "{C92F90BA-CD5B-4847-832A-EE738F0FDB13}"
EndProject
Project("{FAE04EC0-301F-11D3-BF4B-00C04F79EFBC}") = "Microsoft.VisualStudio.Composition.AppDomainTests", "Microsoft.VisualStudio.Composition.AppDomainTests\Microsoft.VisualStudio.Composition.AppDomainTests.csproj", "{15FC5B0E-AE82-4437-8916-B59E646C41E7}"
EndProject
Project("{FAE04EC0-301F-11D3-BF4B-00C04F79EFBC}") = "Microsoft.VisualStudio.Composition.AppDomainTests2", "Microsoft.VisualStudio.Composition.AppDomainTests2\Microsoft.VisualStudio.Composition.AppDomainTests2.csproj", "{8FEA4ED5-0504-43A6-92C0-E9DACB20F1C8}"
EndProject
Project("{FAE04EC0-301F-11D3-BF4B-00C04F79EFBC}") = "Microsoft.VisualStudio.Composition.AssemblyDiscoveryTests", "Microsoft.VisualStudio.Composition.AssemblyDiscoveryTests\Microsoft.VisualStudio.Composition.AssemblyDiscoveryTests.csproj", "{37E36AEC-3319-4219-974F-D258FBE8D143}"
EndProject
Project("{FAE04EC0-301F-11D3-BF4B-00C04F79EFBC}") = "Microsoft.VisualStudio.Composition.Configuration", "Microsoft.VisualStudio.Composition.Configuration\Microsoft.VisualStudio.Composition.Configuration.csproj", "{2285F0B1-0B9E-43C5-9BA5-0CB293C9BC63}"
EndProject
Project("{2150E333-8FDC-42A3-9474-1A3956D46DE8}") = "NuGet", "NuGet", "{183D709F-9E0E-4E68-8979-7366BA1B0C91}"
	ProjectSection(SolutionItems) = preProject
		buildnuget.bat = buildnuget.bat
		nuget\Microsoft.VisualStudio.Composition.nuspec = nuget\Microsoft.VisualStudio.Composition.nuspec
		nuget\build\Microsoft.VisualStudio.Composition.targets = nuget\build\Microsoft.VisualStudio.Composition.targets
		nuget\README.txt = nuget\README.txt
	EndProjectSection
EndProject
Project("{FAE04EC0-301F-11D3-BF4B-00C04F79EFBC}") = "Microsoft.VisualStudio.Composition.EmbeddedTypeReceiver", "Microsoft.VisualStudio.Composition.EmbeddedTypeReceiver\Microsoft.VisualStudio.Composition.EmbeddedTypeReceiver.csproj", "{843DB118-C15B-48B5-A9DC-B815CC788CEF}"
EndProject
Global
	GlobalSection(TeamFoundationVersionControl) = preSolution
		SccNumberOfProjects = 7
		SccEnterpriseProvider = {4CA58AB2-18FA-4F8D-95D4-32DDF27D184C}
		SccTeamFoundationServer = http://vstfdevdiv:8080/devdiv2
		SccProjectUniqueName0 = Microsoft.VisualStudio.Composition\\Microsoft.VisualStudio.Composition.csproj
		SccAuxPath0 = http://vstfdevdiv:8080/devdiv2
		SccLocalPath0 = Microsoft.VisualStudio.Composition
		SccProvider0 = {4CA58AB2-18FA-4F8D-95D4-32DDF27D184C}
		SccProjectUniqueName1 = Microsoft.VisualStudio.Composition.AppDomainTests2\\Microsoft.VisualStudio.Composition.AppDomainTests2.csproj
		SccAuxPath1 = http://vstfdevdiv:8080/devdiv2
		SccLocalPath1 = Microsoft.VisualStudio.Composition.AppDomainTests2
		SccProvider1 = {4CA58AB2-18FA-4F8D-95D4-32DDF27D184C}
		SccProjectUniqueName2 = Microsoft.VisualStudio.Composition.AppDomainTests\\Microsoft.VisualStudio.Composition.AppDomainTests.csproj
		SccAuxPath2 = http://vstfdevdiv:8080/devdiv2
		SccLocalPath2 = Microsoft.VisualStudio.Composition.AppDomainTests
		SccProvider2 = {4CA58AB2-18FA-4F8D-95D4-32DDF27D184C}
		SccProjectUniqueName3 = Microsoft.VisualStudio.Composition.AssemblyDiscoveryTests\\Microsoft.VisualStudio.Composition.AssemblyDiscoveryTests.csproj
		SccAuxPath3 = http://vstfdevdiv:8080/devdiv2
		SccLocalPath3 = Microsoft.VisualStudio.Composition.AssemblyDiscoveryTests
		SccProvider3 = {4CA58AB2-18FA-4F8D-95D4-32DDF27D184C}
		SccProjectUniqueName4 = Microsoft.VisualStudio.Composition.EmbeddedTypeReceiver\\Microsoft.VisualStudio.Composition.EmbeddedTypeReceiver.csproj
		SccAuxPath4 = http://vstfdevdiv:8080/devdiv2
		SccLocalPath4 = Microsoft.VisualStudio.Composition.EmbeddedTypeReceiver
		SccProvider4 = {4CA58AB2-18FA-4F8D-95D4-32DDF27D184C}
		SccProjectUniqueName5 = Microsoft.VisualStudio.Composition.Configuration\\Microsoft.VisualStudio.Composition.Configuration.csproj
		SccAuxPath5 = http://vstfdevdiv:8080/devdiv2
		SccLocalPath5 = Microsoft.VisualStudio.Composition.Configuration
		SccProvider5 = {4CA58AB2-18FA-4F8D-95D4-32DDF27D184C}
		SccProjectUniqueName6 = Microsoft.VisualStudio.Composition.Tests\\Microsoft.VisualStudio.Composition.Tests.csproj
		SccAuxPath6 = http://vstfdevdiv:8080/devdiv2
		SccLocalPath6 = Microsoft.VisualStudio.Composition.Tests
		SccProvider6 = {4CA58AB2-18FA-4F8D-95D4-32DDF27D184C}
	EndGlobalSection
	GlobalSection(SolutionConfigurationPlatforms) = preSolution
		Debug|Any CPU = Debug|Any CPU
		Release|Any CPU = Release|Any CPU
	EndGlobalSection
	GlobalSection(ProjectConfigurationPlatforms) = postSolution
		{1CA6A92C-5DD9-4BE5-B5B7-EE4A1318B4C2}.Debug|Any CPU.ActiveCfg = Debug|Any CPU
		{1CA6A92C-5DD9-4BE5-B5B7-EE4A1318B4C2}.Debug|Any CPU.Build.0 = Debug|Any CPU
		{1CA6A92C-5DD9-4BE5-B5B7-EE4A1318B4C2}.Release|Any CPU.ActiveCfg = Release|Any CPU
		{1CA6A92C-5DD9-4BE5-B5B7-EE4A1318B4C2}.Release|Any CPU.Build.0 = Release|Any CPU
		{C92F90BA-CD5B-4847-832A-EE738F0FDB13}.Debug|Any CPU.ActiveCfg = Debug|Any CPU
		{C92F90BA-CD5B-4847-832A-EE738F0FDB13}.Debug|Any CPU.Build.0 = Debug|Any CPU
		{C92F90BA-CD5B-4847-832A-EE738F0FDB13}.Release|Any CPU.ActiveCfg = Release|Any CPU
		{C92F90BA-CD5B-4847-832A-EE738F0FDB13}.Release|Any CPU.Build.0 = Release|Any CPU
		{15FC5B0E-AE82-4437-8916-B59E646C41E7}.Debug|Any CPU.ActiveCfg = Debug|Any CPU
		{15FC5B0E-AE82-4437-8916-B59E646C41E7}.Debug|Any CPU.Build.0 = Debug|Any CPU
		{15FC5B0E-AE82-4437-8916-B59E646C41E7}.Release|Any CPU.ActiveCfg = Release|Any CPU
		{15FC5B0E-AE82-4437-8916-B59E646C41E7}.Release|Any CPU.Build.0 = Release|Any CPU
		{8FEA4ED5-0504-43A6-92C0-E9DACB20F1C8}.Debug|Any CPU.ActiveCfg = Debug|Any CPU
		{8FEA4ED5-0504-43A6-92C0-E9DACB20F1C8}.Debug|Any CPU.Build.0 = Debug|Any CPU
		{8FEA4ED5-0504-43A6-92C0-E9DACB20F1C8}.Release|Any CPU.ActiveCfg = Release|Any CPU
		{8FEA4ED5-0504-43A6-92C0-E9DACB20F1C8}.Release|Any CPU.Build.0 = Release|Any CPU
		{37E36AEC-3319-4219-974F-D258FBE8D143}.Debug|Any CPU.ActiveCfg = Debug|Any CPU
		{37E36AEC-3319-4219-974F-D258FBE8D143}.Debug|Any CPU.Build.0 = Debug|Any CPU
		{37E36AEC-3319-4219-974F-D258FBE8D143}.Release|Any CPU.ActiveCfg = Release|Any CPU
		{37E36AEC-3319-4219-974F-D258FBE8D143}.Release|Any CPU.Build.0 = Release|Any CPU
		{2285F0B1-0B9E-43C5-9BA5-0CB293C9BC63}.Debug|Any CPU.ActiveCfg = Debug|Any CPU
		{2285F0B1-0B9E-43C5-9BA5-0CB293C9BC63}.Debug|Any CPU.Build.0 = Debug|Any CPU
		{2285F0B1-0B9E-43C5-9BA5-0CB293C9BC63}.Release|Any CPU.ActiveCfg = Release|Any CPU
		{2285F0B1-0B9E-43C5-9BA5-0CB293C9BC63}.Release|Any CPU.Build.0 = Release|Any CPU
		{843DB118-C15B-48B5-A9DC-B815CC788CEF}.Debug|Any CPU.ActiveCfg = Debug|Any CPU
		{843DB118-C15B-48B5-A9DC-B815CC788CEF}.Debug|Any CPU.Build.0 = Debug|Any CPU
		{843DB118-C15B-48B5-A9DC-B815CC788CEF}.Release|Any CPU.ActiveCfg = Release|Any CPU
		{843DB118-C15B-48B5-A9DC-B815CC788CEF}.Release|Any CPU.Build.0 = Release|Any CPU
	EndGlobalSection
	GlobalSection(SolutionProperties) = preSolution
		HideSolutionNode = FALSE
	EndGlobalSection
EndGlobal
