
Microsoft Visual Studio Solution File, Format Version 12.00
# Visual Studio 2013
VisualStudioVersion = 12.0.30421.0
MinimumVisualStudioVersion = 10.0.40219.1
Project("{FAE04EC0-301F-11D3-BF4B-00C04F79EFBC}") = "Microsoft.VisualStudio.Composition", "Microsoft.VisualStudio.Composition\Microsoft.VisualStudio.Composition.csproj", "{1CA6A92C-5DD9-4BE5-B5B7-EE4A1318B4C2}"
EndProject
Project("{FAE04EC0-301F-11D3-BF4B-00C04F79EFBC}") = "Microsoft.VisualStudio.Composition.Tests", "Microsoft.VisualStudio.Composition.Tests\Microsoft.VisualStudio.Composition.Tests.csproj", "{C92F90BA-CD5B-4847-832A-EE738F0FDB13}"
EndProject
Project("{FAE04EC0-301F-11D3-BF4B-00C04F79EFBC}") = "Microsoft.VisualStudio.Composition.AppDomainTests", "Microsoft.VisualStudio.Composition.AppDomainTests\Microsoft.VisualStudio.Composition.AppDomainTests.csproj", "{15FC5B0E-AE82-4437-8916-B59E646C41E7}"
EndProject
Project("{FAE04EC0-301F-11D3-BF4B-00C04F79EFBC}") = "Microsoft.VisualStudio.Composition.AppDomainTests2", "Microsoft.VisualStudio.Composition.AppDomainTests2\Microsoft.VisualStudio.Composition.AppDomainTests2.csproj", "{8FEA4ED5-0504-43A6-92C0-E9DACB20F1C8}"
EndProject
Project("{FAE04EC0-301F-11D3-BF4B-00C04F79EFBC}") = "Microsoft.VisualStudio.Composition.AssemblyDiscoveryTests", "Microsoft.VisualStudio.Composition.AssemblyDiscoveryTests\Microsoft.VisualStudio.Composition.AssemblyDiscoveryTests.csproj", "{37E36AEC-3319-4219-974F-D258FBE8D143}"
EndProject
Project("{FAE04EC0-301F-11D3-BF4B-00C04F79EFBC}") = "Microsoft.VisualStudio.Composition.Configuration", "Microsoft.VisualStudio.Composition.Configuration\Microsoft.VisualStudio.Composition.Configuration.csproj", "{2285F0B1-0B9E-43C5-9BA5-0CB293C9BC63}"
EndProject
Project("{FAE04EC0-301F-11D3-BF4B-00C04F79EFBC}") = "Microsoft.VisualStudio.Composition.EmbeddedTypeReceiver", "Microsoft.VisualStudio.Composition.EmbeddedTypeReceiver\Microsoft.VisualStudio.Composition.EmbeddedTypeReceiver.csproj", "{843DB118-C15B-48B5-A9DC-B815CC788CEF}"
EndProject
Project("{FF286327-C783-4F7A-AB73-9BCBAD0D4460}") = "NuGetPackage", "NuGetPackage\NuGetPackage.nuproj", "{E0F18440-CA64-4FBD-BD55-E912B663BA16}"
EndProject
Project("{FAE04EC0-301F-11D3-BF4B-00C04F79EFBC}") = "Microsoft.VisualStudio.Composition.NonEmbeddingTypeReceiver", "Microsoft.VisualStudio.Composition.NonEmbeddingTypeReceiver\Microsoft.VisualStudio.Composition.NonEmbeddingTypeReceiver.csproj", "{3E996534-55E8-428D-8668-2C49E8770F32}"
EndProject
Project("{FAE04EC0-301F-11D3-BF4B-00C04F79EFBC}") = "Microsoft.VisualStudio.Composition.MissingAssemblyTests", "Microsoft.VisualStudio.Composition.MissingAssemblyTests\Microsoft.VisualStudio.Composition.MissingAssemblyTests.csproj", "{635A4876-52BA-47C7-874C-8DFB125C020A}"
EndProject
Global
	GlobalSection(SolutionConfigurationPlatforms) = preSolution
		Debug|Any CPU = Debug|Any CPU
		Release|Any CPU = Release|Any CPU
	EndGlobalSection
	GlobalSection(ProjectConfigurationPlatforms) = postSolution
		{1CA6A92C-5DD9-4BE5-B5B7-EE4A1318B4C2}.Debug|Any CPU.ActiveCfg = Debug|Any CPU
		{1CA6A92C-5DD9-4BE5-B5B7-EE4A1318B4C2}.Debug|Any CPU.Build.0 = Debug|Any CPU
		{1CA6A92C-5DD9-4BE5-B5B7-EE4A1318B4C2}.Release|Any CPU.ActiveCfg = Release|Any CPU
		{1CA6A92C-5DD9-4BE5-B5B7-EE4A1318B4C2}.Release|Any CPU.Build.0 = Release|Any CPU
		{C92F90BA-CD5B-4847-832A-EE738F0FDB13}.Debug|Any CPU.ActiveCfg = Debug|Any CPU
		{C92F90BA-CD5B-4847-832A-EE738F0FDB13}.Debug|Any CPU.Build.0 = Debug|Any CPU
		{C92F90BA-CD5B-4847-832A-EE738F0FDB13}.Release|Any CPU.ActiveCfg = Release|Any CPU
		{C92F90BA-CD5B-4847-832A-EE738F0FDB13}.Release|Any CPU.Build.0 = Release|Any CPU
		{15FC5B0E-AE82-4437-8916-B59E646C41E7}.Debug|Any CPU.ActiveCfg = Debug|Any CPU
		{15FC5B0E-AE82-4437-8916-B59E646C41E7}.Debug|Any CPU.Build.0 = Debug|Any CPU
		{15FC5B0E-AE82-4437-8916-B59E646C41E7}.Release|Any CPU.ActiveCfg = Release|Any CPU
		{15FC5B0E-AE82-4437-8916-B59E646C41E7}.Release|Any CPU.Build.0 = Release|Any CPU
		{8FEA4ED5-0504-43A6-92C0-E9DACB20F1C8}.Debug|Any CPU.ActiveCfg = Debug|Any CPU
		{8FEA4ED5-0504-43A6-92C0-E9DACB20F1C8}.Debug|Any CPU.Build.0 = Debug|Any CPU
		{8FEA4ED5-0504-43A6-92C0-E9DACB20F1C8}.Release|Any CPU.ActiveCfg = Release|Any CPU
		{8FEA4ED5-0504-43A6-92C0-E9DACB20F1C8}.Release|Any CPU.Build.0 = Release|Any CPU
		{37E36AEC-3319-4219-974F-D258FBE8D143}.Debug|Any CPU.ActiveCfg = Debug|Any CPU
		{37E36AEC-3319-4219-974F-D258FBE8D143}.Debug|Any CPU.Build.0 = Debug|Any CPU
		{37E36AEC-3319-4219-974F-D258FBE8D143}.Release|Any CPU.ActiveCfg = Release|Any CPU
		{37E36AEC-3319-4219-974F-D258FBE8D143}.Release|Any CPU.Build.0 = Release|Any CPU
		{2285F0B1-0B9E-43C5-9BA5-0CB293C9BC63}.Debug|Any CPU.ActiveCfg = Debug|Any CPU
		{2285F0B1-0B9E-43C5-9BA5-0CB293C9BC63}.Debug|Any CPU.Build.0 = Debug|Any CPU
		{2285F0B1-0B9E-43C5-9BA5-0CB293C9BC63}.Release|Any CPU.ActiveCfg = Release|Any CPU
		{2285F0B1-0B9E-43C5-9BA5-0CB293C9BC63}.Release|Any CPU.Build.0 = Release|Any CPU
		{843DB118-C15B-48B5-A9DC-B815CC788CEF}.Debug|Any CPU.ActiveCfg = Debug|Any CPU
		{843DB118-C15B-48B5-A9DC-B815CC788CEF}.Debug|Any CPU.Build.0 = Debug|Any CPU
		{843DB118-C15B-48B5-A9DC-B815CC788CEF}.Release|Any CPU.ActiveCfg = Release|Any CPU
		{843DB118-C15B-48B5-A9DC-B815CC788CEF}.Release|Any CPU.Build.0 = Release|Any CPU
		{E0F18440-CA64-4FBD-BD55-E912B663BA16}.Debug|Any CPU.ActiveCfg = Debug|Any CPU
		{E0F18440-CA64-4FBD-BD55-E912B663BA16}.Debug|Any CPU.Build.0 = Debug|Any CPU
		{E0F18440-CA64-4FBD-BD55-E912B663BA16}.Release|Any CPU.ActiveCfg = Release|Any CPU
		{E0F18440-CA64-4FBD-BD55-E912B663BA16}.Release|Any CPU.Build.0 = Release|Any CPU
		{3E996534-55E8-428D-8668-2C49E8770F32}.Debug|Any CPU.ActiveCfg = Debug|Any CPU
		{3E996534-55E8-428D-8668-2C49E8770F32}.Debug|Any CPU.Build.0 = Debug|Any CPU
		{3E996534-55E8-428D-8668-2C49E8770F32}.Release|Any CPU.ActiveCfg = Release|Any CPU
		{3E996534-55E8-428D-8668-2C49E8770F32}.Release|Any CPU.Build.0 = Release|Any CPU
		{635A4876-52BA-47C7-874C-8DFB125C020A}.Debug|Any CPU.ActiveCfg = Debug|Any CPU
		{635A4876-52BA-47C7-874C-8DFB125C020A}.Debug|Any CPU.Build.0 = Debug|Any CPU
		{635A4876-52BA-47C7-874C-8DFB125C020A}.Release|Any CPU.ActiveCfg = Release|Any CPU
		{635A4876-52BA-47C7-874C-8DFB125C020A}.Release|Any CPU.Build.0 = Release|Any CPU
	EndGlobalSection
	GlobalSection(SolutionProperties) = preSolution
		HideSolutionNode = FALSE
	EndGlobalSection
EndGlobal
