{
  "version": 1,
  "dependencies": {
    ".NETFramework,Version=v4.7.2": {
      "Microsoft.Net.Compilers.Toolset": {
        "type": "Direct",
        "requested": "[3.7.0, )",
        "resolved": "3.7.0",
        "contentHash": "m+4y5aIbi/rD9NJKjb8GWL2/tGeMmzd/9OMOH6olkoQbltGMS69arcWzlQ4vrsbbN1cgvCUdYLK/e007pbz8RA=="
      },
      "Microsoft.SourceLink.GitHub": {
        "type": "Direct",
        "requested": "[1.0.0, )",
        "resolved": "1.0.0",
        "contentHash": "aZyGyGg2nFSxix+xMkPmlmZSsnGQ3w+mIG23LTxJZHN+GPwTQ5FpPgDo7RMOq+Kcf5D4hFWfXkGhoGstawX13Q==",
        "dependencies": {
          "Microsoft.Build.Tasks.Git": "1.0.0",
          "Microsoft.SourceLink.Common": "1.0.0"
        }
      },
      "Microsoft.VisualStudio.Internal.MicroBuild.VisualStudio": {
        "type": "Direct",
        "requested": "[2.0.65, )",
        "resolved": "2.0.65",
        "contentHash": "9RkfQwLeS/zF8fv/E9khT86/HgmrJkLLwvxqzfUehOJjafk3DYzjJe28cnWc+gXwO5nrho03FMCDWYg5T+y5Fw==",
        "dependencies": {
          "Microsoft.VisualStudio.Internal.MicroBuild": "2.0.65"
        }
      },
      "Nerdbank.GitVersioning": {
        "type": "Direct",
        "requested": "[3.2.31, )",
        "resolved": "3.2.31",
        "contentHash": "19grBnpqHLxViOt1cwE+cI+brQ2swdm4gfM97P+9KbbgWGfXtdy4EmpVAkUZ3MgntFYYbUvfldM4pUOmks5q0w=="
      },
      "Nerdbank.MSBuildExtension": {
        "type": "Direct",
        "requested": "[0.1.17-beta, )",
        "resolved": "0.1.17-beta",
        "contentHash": "hVRVItQBgafbULSFoBxxg1KSqkpKCXyuhl8qIgTx2zGoAUpew7dBFwPWlLNvd7ZxwNPY6giXDQ+H/C28iox60Q==",
        "dependencies": {
          "Microsoft.Build.Tasks.Core": "14.3.0"
        }
      },
      "Nullable": {
        "type": "Direct",
        "requested": "[1.3.0, )",
        "resolved": "1.3.0",
        "contentHash": "xHAviTdTY3n+t1nEPN4JPRQR5lI124qRKVw+U9H7dO5sDNPpzoWeo/MQy7dSUmv9eD3k/CJVKokz1tFK+JOzRw=="
      },
      "StyleCop.Analyzers": {
        "type": "Direct",
        "requested": "[1.2.0-beta.205, )",
        "resolved": "1.2.0-beta.205",
        "contentHash": "ORvUXKlJRqAWstZiSH9LgEuM5hBye8mUDDSpMoQhiKLFUtFEGesfr88Qa8jC0KKVaBTUZzdo4fNZM4oHeV/JsQ==",
        "dependencies": {
          "StyleCop.Analyzers.Unstable": "1.2.0.205"
        }
      },
      "Microsoft.Build.Framework": {
        "type": "Transitive",
        "resolved": "14.3.0",
        "contentHash": "GX3MdQMQ3YVx/jWerzd5vDW/VrcLxf80Ts4T9AVEUsrmL6wZK1YTGNX3jLapll+5Y7PBDbvf5R815A64hlEQ+g==",
        "dependencies": {
          "System.Collections": "4.0.11",
          "System.Runtime": "4.1.0",
          "System.Runtime.InteropServices": "4.1.0"
        }
      },
      "Microsoft.Build.Tasks.Core": {
        "type": "Transitive",
        "resolved": "14.3.0",
        "contentHash": "/h8PEha1FPAsGf6SPYP+vqTD34tuPvdeLIq+a4gKCNqwGnb66LOi3m8CQiAvumyTCrx9dli8HEE2s2EnoVJ9AA==",
        "dependencies": {
          "Microsoft.Build.Framework": "[14.3.0]",
          "Microsoft.Build.Utilities.Core": "[14.3.0]"
        }
      },
      "Microsoft.Build.Tasks.Git": {
        "type": "Transitive",
        "resolved": "1.0.0",
        "contentHash": "z2fpmmt+1Jfl+ZnBki9nSP08S1/tbEOxFdsK1rSR+LBehIJz1Xv9/6qOOoGNqlwnAGGVGis1Oj6S8Kt9COEYlQ=="
      },
      "Microsoft.Build.Utilities.Core": {
        "type": "Transitive",
        "resolved": "14.3.0",
        "contentHash": "wGluB/diyYl0iZLjiJzWJTmK0RgOgzmzb19fRBgAyORe/N6Z1zwJHK/cLJcAsuvzbanrXsf3NuGlmbc5lOvTag==",
        "dependencies": {
          "Microsoft.Build.Framework": "[14.3.0]"
        }
      },
      "Microsoft.SourceLink.Common": {
        "type": "Transitive",
        "resolved": "1.0.0",
        "contentHash": "G8DuQY8/DK5NN+3jm5wcMcd9QYD90UV7MiLmdljSJixi3U/vNaeBKmmXUqI4DJCOeWizIUEh4ALhSt58mR+5eg=="
      },
      "Microsoft.VisualStudio.Internal.MicroBuild": {
        "type": "Transitive",
        "resolved": "2.0.65",
        "contentHash": "nYX6AQH32jxHMXhKsrFYBygVxZIXoeEUCcagQh9Ncuk4d2KOykdwIrDpZB1mUMHbPEYxk51YGX9ZPOTHq8buXA==",
        "dependencies": {
          "Microsoft.VisualStudioEng.MicroBuild.Core": "0.4.1"
        }
      },
      "Microsoft.VisualStudio.Validation": {
        "type": "Transitive",
        "resolved": "15.5.31",
        "contentHash": "AOmvJTT4CpamJ2A6J+PBrhKPfs2HXi/MJVxN/QlViewjI4XZDrt/yp3NMto+OOgB25jDnt9IIdNTkjpNBUpXmw=="
      },
      "Microsoft.VisualStudioEng.MicroBuild.Core": {
        "type": "Transitive",
        "resolved": "0.4.1",
        "contentHash": "2DhYPxdDyPu0ggmMmDjFBjdlErvA/DbYRf6OhtmCaUCskgMvqfVofUAKXkFpAyu/CshNKcyiG+DX0dPIPTqhLw=="
      },
      "StyleCop.Analyzers.Unstable": {
        "type": "Transitive",
        "resolved": "1.2.0.205",
        "contentHash": "YiRjba3yBp2mCvtsOeQf8XU1tPaOZFTKxcsj44tTpGrhRchmtuKtgyMCV9kkOFdfKISnHk0gzhigITlrrrvMuA=="
      },
      "System.Collections": {
        "type": "Transitive",
        "resolved": "4.0.11",
        "contentHash": "YUJGz6eFKqS0V//mLt25vFGrrCvOnsXjlvFQs+KimpwNxug9x0Pzy4PlFMU3Q2IzqAa9G2L4LsK3+9vCBK7oTg=="
      },
      "System.Collections.Immutable": {
        "type": "Transitive",
        "resolved": "1.5.0",
        "contentHash": "EXKiDFsChZW0RjrZ4FYHu9aW6+P4MCgEDCklsVseRfhoO0F+dXeMSsMRAlVXIo06kGJ/zv+2w1a2uc2+kxxSaQ=="
      },
      "System.ComponentModel.Composition": {
        "type": "Transitive",
        "resolved": "4.5.0",
        "contentHash": "+iB9FoZnfdqMEGq6np28X6YNSUrse16CakmIhV3h6PxEWt7jYxUN3Txs1D8MZhhf4QmyvK0F/EcIN0f4gGN0dA=="
      },
      "System.Composition": {
        "type": "Transitive",
        "resolved": "1.0.31",
        "contentHash": "I+D26qpYdoklyAVUdqwUBrEIckMNjAYnuPJy/h9dsQItpQwVREkDFs4b4tkBza0kT2Yk48Lcfsv2QQ9hWsh9Iw==",
        "dependencies": {
          "System.Composition.AttributedModel": "1.0.31",
          "System.Composition.Convention": "1.0.31",
          "System.Composition.Hosting": "1.0.31",
          "System.Composition.Runtime": "1.0.31",
          "System.Composition.TypedParts": "1.0.31"
        }
      },
      "System.Composition.AttributedModel": {
        "type": "Transitive",
        "resolved": "1.0.31",
        "contentHash": "NHWhkM3ZkspmA0XJEsKdtTt1ViDYuojgSND3yHhTzwxepiwqZf+BCWuvCbjUt4fe0NxxQhUDGJ5km6sLjo9qnQ=="
      },
      "System.Composition.Convention": {
        "type": "Transitive",
        "resolved": "1.0.31",
        "contentHash": "GLjh2Ju71k6C0qxMMtl4efHa68NmWeIUYh4fkUI8xbjQrEBvFmRwMDFcylT8/PR9SQbeeL48IkFxU/+gd0nYEQ==",
        "dependencies": {
          "System.Composition.AttributedModel": "1.0.31"
        }
      },
      "System.Composition.Hosting": {
        "type": "Transitive",
        "resolved": "1.0.31",
        "contentHash": "fN1bT4RX4vUqjbgoyuJFVUizAl2mYF5VAb+bVIxIYZSSc0BdnX+yGAxcavxJuDDCQ1K+/mdpgyEFc8e9ikjvrg==",
        "dependencies": {
          "System.Composition.Runtime": "1.0.31"
        }
      },
      "System.Composition.Runtime": {
        "type": "Transitive",
        "resolved": "1.0.31",
        "contentHash": "0LEJN+2NVM89CE4SekDrrk5tHV5LeATltkp+9WNYrR+Huiyt0vaCqHbbHtVAjPyeLWIc8dOz/3kthRBj32wGQg=="
      },
      "System.Composition.TypedParts": {
        "type": "Transitive",
        "resolved": "1.0.31",
        "contentHash": "0Zae/FtzeFgDBBuILeIbC/T9HMYbW4olAmi8XqqAGosSOWvXfiQLfARZEhiGd0LVXaYgXr0NhxiU1LldRP1fpQ==",
        "dependencies": {
          "System.Composition.AttributedModel": "1.0.31",
          "System.Composition.Hosting": "1.0.31",
          "System.Composition.Runtime": "1.0.31"
        }
      },
      "System.Reflection": {
        "type": "Transitive",
        "resolved": "4.3.0",
        "contentHash": "KMiAFoW7MfJGa9nDFNcfu+FpEdiHpWgTcS2HdMpDvt9saK3y/G4GwprPyzqjFH9NTaGPQeWNHU+iDlDILj96aQ=="
      },
      "System.Reflection.Emit": {
        "type": "Transitive",
        "resolved": "4.3.0",
        "contentHash": "228FG0jLcIwTVJyz8CLFKueVqQK36ANazUManGaJHkO0icjiIypKW7YLWLIWahyIkdh5M7mV2dJepllLyA1SKg=="
      },
      "System.Reflection.Metadata": {
        "type": "Transitive",
        "resolved": "1.6.0",
        "contentHash": "COC1aiAJjCoA5GBF+QKL2uLqEBew4JsCkQmoHKbN3TlOZKa2fKLz5CpiRQKDz0RsAOEGsVKqOD5bomsXq/4STQ==",
        "dependencies": {
          "System.Collections.Immutable": "1.5.0"
        }
      },
      "System.Reflection.TypeExtensions": {
        "type": "Transitive",
        "resolved": "4.3.0",
        "contentHash": "7u6ulLcZbyxB5Gq0nMkQttcdBTx57ibzw+4IOXEfR+sXYQoHvjW5LTLyNr8O22UIMrqYbchJQJnos4eooYzYJA==",
        "dependencies": {
          "System.Reflection": "4.3.0"
        }
      },
      "System.Runtime": {
        "type": "Transitive",
        "resolved": "4.1.0",
        "contentHash": "v6c/4Yaa9uWsq+JMhnOFewrYkgdNHNG2eMKuNqRn8P733rNXeRCGvV5FkkjBXn2dbVkPXOsO0xjsEeM1q2zC0g=="
      },
      "System.Runtime.InteropServices": {
        "type": "Transitive",
        "resolved": "4.1.0",
        "contentHash": "16eu3kjHS633yYdkjwShDHZLRNMKVi/s0bY8ODiqJ2RfMhDMAwxZaUaWVnZ2P71kr/or+X9o/xFWtNqz8ivieQ==",
        "dependencies": {
          "System.Runtime": "4.1.0"
        }
      },
      "System.Threading.Tasks.Dataflow": {
        "type": "Transitive",
        "resolved": "4.11.1",
        "contentHash": "umDBSKTQMoYAbts6w49N33ctAjHhcfJkcva8xoDog01st35N+Ly/w+TB2vUcghxSw5vUYkpaCl/PI7tVw3R0Jw=="
      },
      "microsoft.visualstudio.composition": {
        "type": "Project",
        "dependencies": {
          "Microsoft.VisualStudio.Composition.Analyzers": "1.0.0",
          "Microsoft.VisualStudio.Composition.NetFxAttributes": "1.0.0",
          "Microsoft.VisualStudio.Validation": "15.5.31",
          "System.ComponentModel.Composition": "4.5.0",
          "System.Composition": "1.0.31",
          "System.Reflection.Emit": "4.3.0",
          "System.Reflection.Metadata": "1.6.0",
          "System.Reflection.TypeExtensions": "4.3.0",
          "System.Threading.Tasks.Dataflow": "4.11.1"
        }
      },
      "microsoft.visualstudio.composition.analyzers": {
        "type": "Project"
      },
      "microsoft.visualstudio.composition.netfxattributes": {
        "type": "Project",
        "dependencies": {
          "System.ComponentModel.Composition": "4.5.0"
        }
      }
    }
  }
}