{
  "version": 1,
  "dependencies": {
    ".NETStandard,Version=v2.0": {
      "MicroBuild.NonShipping": {
        "type": "Direct",
        "requested": "[2.0.55, )",
        "resolved": "2.0.55",
        "contentHash": "6IONOXe9fhMJryVt83NuzTy+uW/9OZThiSLSWD8cZqFUZ63cvba224BjfvoVZ/BO2RadwYLFTOh2Kpai0l9Pvw==",
        "dependencies": {
          "MicroBuild": "2.0.55"
        }
      },
      "MicroBuild.VisualStudio": {
        "type": "Direct",
        "requested": "[2.0.55, )",
        "resolved": "2.0.55",
        "contentHash": "sTHSXlgvNmtGOus1prRs0WvrFrH/xlxm3btnRAx0ef4SA8RpH3ZPsP9GdnhbX0SEHYcnELcODcyAN37wQ779Hw==",
        "dependencies": {
          "MicroBuild": "2.0.55"
        }
      },
      "Microsoft.SourceLink.GitHub": {
        "type": "Direct",
        "requested": "[1.0.0-beta-63127-02, )",
        "resolved": "1.0.0-beta-63127-02",
        "contentHash": "KLR4K9dCNjyKyrzuj+gM5L/TDkQe3Eu0Amp118j6he5Mzjeb84tUBtNjLGrJtyOjqgGiShTrk/XT4g4luWzkCQ==",
        "dependencies": {
          "Microsoft.Build.Tasks.Git": "1.0.0-beta-63127-02",
          "Microsoft.SourceLink.Common": "1.0.0-beta-63127-02"
        }
      },
      "Nerdbank.GitVersioning": {
        "type": "Direct",
        "requested": "[2.2.33, )",
        "resolved": "2.2.33",
        "contentHash": "GfgOHkftKHMlD/fvEgsbsyoDd93u+Fw5XIzGhNMIafMvIHAivFXxmZDqYwWYwhPxzI5bfu6nvNvoDMD1hxmtFg=="
      },
      "NETStandard.Library": {
        "type": "Direct",
        "requested": "[2.0.3, )",
        "resolved": "2.0.3",
        "contentHash": "st47PosZSHrjECdjeIzZQbzivYBJFv6P2nv4cj2ypdI204DO+vZ7l5raGMiX4eXMJ53RfOIg+/s4DHVZ54Nu2A==",
        "dependencies": {
          "Microsoft.NETCore.Platforms": "1.1.0"
        }
      },
      "StyleCop.Analyzers": {
        "type": "Direct",
        "requested": "[1.0.2, )",
        "resolved": "1.0.2",
        "contentHash": "3xD87lafnVhsSEtJKk50G7FGutvaXkFz4XrrLrxnk/DhZU42dnCGWUsvKuBv4mTS0XdIgTY88tLhxW/8Vi3Pow=="
      },
      "MicroBuild": {
        "type": "Transitive",
        "resolved": "2.0.55",
        "contentHash": "1cxNSpMT6SpSbsdS7cmVkJ7N6KURUwfZdwNUzWolnrtNV4TV8nY+bea/0V5hHHofMVj2K1D9UwIx7w9hJEoT9A==",
        "dependencies": {
          "MicroBuild.Core": "0.3.0"
        }
      },
      "MicroBuild.Core": {
        "type": "Transitive",
        "resolved": "0.3.0",
        "contentHash": "71NxN8xP8+n08w7XuEOpbzuerL45QRodeLfrjs51qCT8LbjARyfPEcSE30YqLjFtFl3km5eH5Oaqnq2p1hQbAw=="
      },
      "Microsoft.Build.Tasks.Git": {
        "type": "Transitive",
        "resolved": "1.0.0-beta-63127-02",
        "contentHash": "SDC7lMeyUEBTWDrhvAwb1wK5ujIhI5cc2s9ugTwWyDfXC7H07/7lkc9DP1Q6kjv4qTL3eoWrd3HQuZmA7J4DJQ=="
      },
      "Microsoft.NETCore.Platforms": {
        "type": "Transitive",
        "resolved": "1.1.0",
        "contentHash": "kz0PEW2lhqygehI/d6XsPCQzD7ff7gUJaVGPVETX611eadGsA3A877GdSlU0LRVMCTH/+P3o2iDTak+S08V2+A=="
      },
      "Microsoft.SourceLink.Common": {
        "type": "Transitive",
        "resolved": "1.0.0-beta-63127-02",
        "contentHash": "zLqiAhXjJSKPmFTvE9W0NtOpdy3E72VETj7qUkzK85nTgQiqlNWmMHr36SBcJfpo8sizJ72kFzi2alnI2/kqog=="
      }
    }
  }
}