
Microsoft Visual Studio Solution File, Format Version 12.00
# Visual Studio Version 16
VisualStudioVersion = 16.0.31829.152
MinimumVisualStudioVersion = 10.0.40219.1
Project("{FAE04EC0-301F-11D3-BF4B-00C04F79EFBC}") = "MefCalculator", "MefCalculator\MefCalculator.csproj", "{29AC3B69-A4BA-4387-9670-D807AD665179}"
EndProject
Project("{FAE04EC0-301F-11D3-BF4B-00C04F79EFBC}") = "ExtendedOperations", "ExtendedOperations\ExtendedOperations.csproj", "{4BE40420-FE6C-428B-9DA3-D2E558DD6962}"
EndProject
Global
	GlobalSection(SolutionConfigurationPlatforms) = preSolution
		Debug|Any CPU = Debug|Any CPU
		Release|Any CPU = Release|Any CPU
	EndGlobalSection
	GlobalSection(ProjectConfigurationPlatforms) = postSolution
		{29AC3B69-A4BA-4387-9670-D807AD665179}.Debug|Any CPU.ActiveCfg = Debug|Any CPU
		{29AC3B69-A4BA-4387-9670-D807AD665179}.Debug|Any CPU.Build.0 = Debug|Any CPU
		{29AC3B69-A4BA-4387-9670-D807AD665179}.Release|Any CPU.ActiveCfg = Release|Any CPU
		{29AC3B69-A4BA-4387-9670-D807AD665179}.Release|Any CPU.Build.0 = Release|Any CPU
		{4BE40420-FE6C-428B-9DA3-D2E558DD6962}.Debug|Any CPU.ActiveCfg = Debug|Any CPU
		{4BE40420-FE6C-428B-9DA3-D2E558DD6962}.Debug|Any CPU.Build.0 = Debug|Any CPU
		{4BE40420-FE6C-428B-9DA3-D2E558DD6962}.Release|Any CPU.ActiveCfg = Release|Any CPU
		{4BE40420-FE6C-428B-9DA3-D2E558DD6962}.Release|Any CPU.Build.0 = Release|Any CPU
	EndGlobalSection
	GlobalSection(SolutionProperties) = preSolution
		HideSolutionNode = FALSE
	EndGlobalSection
	GlobalSection(ExtensibilityGlobals) = postSolution
		SolutionGuid = {521888C5-3F02-413E-8759-43801E76D716}
	EndGlobalSection
EndGlobal
